{
  "name": "retrieval",
  "version": "1.3.0",
  "lockfileVersion": 1,
  "requires": true,
  "dependencies": {
    "babel-polyfill": {
      "version": "6.26.0",
      "resolved": "https://registry.npmjs.org/babel-polyfill/-/babel-polyfill-6.26.0.tgz",
      "integrity": "sha1-N5k3q8Z9eJWXCtxiHyhM2WbPIVM=",
      "requires": {
        "babel-runtime": "6.26.0",
        "core-js": "2.5.3",
        "regenerator-runtime": "0.10.5"
      }
    },
    "babel-runtime": {
      "version": "6.26.0",
      "resolved": "https://registry.npmjs.org/babel-runtime/-/babel-runtime-6.26.0.tgz",
      "integrity": "sha1-llxwWGaOgrVde/4E/yM3vItWR/4=",
      "requires": {
        "core-js": "2.5.3",
        "regenerator-runtime": "0.11.1"
      },
      "dependencies": {
        "regenerator-runtime": {
          "version": "0.11.1",
          "resolved": "https://registry.npmjs.org/regenerator-runtime/-/regenerator-runtime-0.11.1.tgz",
          "integrity": "sha512-MguG95oij0fC3QV3URf4V2SDYGJhJnJGqvIIgdECeODCT98wSWDAJ94SSuVpYQUoTcGUIL6L4yNB7j1DFFHSBg=="
        }
      }
    },
    "complex.js": {
      "version": "2.0.4",
      "resolved": "https://registry.npmjs.org/complex.js/-/complex.js-2.0.4.tgz",
      "integrity": "sha512-Syl95HpxUTS0QjwNxencZsKukgh1zdS9uXeXX2Us0pHaqBR6kiZZi0AkZ9VpZFwHJyVIUVzI4EumjWdXP3fy6w=="
    },
    "core-js": {
      "version": "2.5.3",
      "resolved": "https://registry.npmjs.org/core-js/-/core-js-2.5.3.tgz",
      "integrity": "sha1-isw4NFgk8W2DZbfJtCWRaOjtYD4="
    },
    "decimal.js": {
      "version": "7.2.3",
      "resolved": "https://registry.npmjs.org/decimal.js/-/decimal.js-7.2.3.tgz",
      "integrity": "sha512-AoFI37QS0S87Ft0r3Bdz4q9xSpm1Paa9lSeKLXgMPk/u/+QPIM5Gy4DHcZQS1seqPJH4gHLauPGn347z0HbsrA=="
    },
    "fraction.js": {
      "version": "4.0.2",
      "resolved": "https://registry.npmjs.org/fraction.js/-/fraction.js-4.0.2.tgz",
      "integrity": "sha512-OswcigOSil3vYXgrPSx4NCaSyPikXqVNYN/4CyhS0ucVOJ4GVYr6KQQLLcAudvS/4bBOzxqJ3XIsFaaMjl98ZQ=="
    },
    "heap": {
      "version": "0.2.6",
      "resolved": "https://registry.npmjs.org/heap/-/heap-0.2.6.tgz",
      "integrity": "sha1-CH4fELBGky/IWU3Z5tN4r8nR5aw="
    },
    "is-plain-obj": {
      "version": "1.1.0",
      "resolved": "https://registry.npmjs.org/is-plain-obj/-/is-plain-obj-1.1.0.tgz",
      "integrity": "sha1-caUMhCnfync8kqOQpKA7OfzVHT4="
    },
    "javascript-natural-sort": {
      "version": "0.7.1",
      "resolved": "https://registry.npmjs.org/javascript-natural-sort/-/javascript-natural-sort-0.7.1.tgz",
      "integrity": "sha1-+eIwPUUH9tdDVac2ZNFED7Wg71k="
    },
    "lodash": {
      "version": "4.17.4",
      "resolved": "https://registry.npmjs.org/lodash/-/lodash-4.17.4.tgz",
      "integrity": "sha1-eCA6TRwyiuHYbcpkYONptX9AVa4="
    },
    "mathjs": {
      "version": "3.17.0",
      "resolved": "https://registry.npmjs.org/mathjs/-/mathjs-3.17.0.tgz",
      "integrity": "sha512-bFDSjjLV3+csekog1L6z3FjZ0uSkRPFcMlbLef8KXxq68jtQQ48W2f+JKJugM9y6KxJEtt1zWFIGQnYKWR0nxg==",
      "requires": {
        "complex.js": "2.0.4",
        "decimal.js": "7.2.3",
        "fraction.js": "4.0.2",
        "javascript-natural-sort": "0.7.1",
        "seed-random": "2.2.0",
        "tiny-emitter": "2.0.0",
        "typed-function": "0.10.6"
      }
    },
    "regenerator-runtime": {
      "version": "0.10.5",
      "resolved": "https://registry.npmjs.org/regenerator-runtime/-/regenerator-runtime-0.10.5.tgz",
      "integrity": "sha1-M2w+/BIgrc7dosn6tntaeVWjNlg="
    },
    "seed-random": {
      "version": "2.2.0",
      "resolved": "https://registry.npmjs.org/seed-random/-/seed-random-2.2.0.tgz",
      "integrity": "sha1-KpsZ4lCoFwmSMaW5mk2vgLf77VQ="
    },
    "sort-keys": {
      "version": "2.0.0",
      "resolved": "https://registry.npmjs.org/sort-keys/-/sort-keys-2.0.0.tgz",
      "integrity": "sha1-ZYU1WEhh7JfXMNbPQYIuH1ZoQSg=",
      "requires": {
        "is-plain-obj": "1.1.0"
      }
    },
    "tiny-emitter": {
      "version": "2.0.0",
      "resolved": "https://registry.npmjs.org/tiny-emitter/-/tiny-emitter-2.0.0.tgz",
      "integrity": "sha1-utMnrbGAS0KiMa+nQVMr2ITNCa0="
    },
    "typed-function": {
      "version": "0.10.6",
      "resolved": "https://registry.npmjs.org/typed-function/-/typed-function-0.10.6.tgz",
      "integrity": "sha512-PYtsDjxyW3vq7Itn2RMz0cn6CrbybIY6XC2i9c1q1o/H94QW8B1Pf3wSsbBDOCMpN1i5jDRrlDsLXFaqXBpfHQ=="
    }
  }
}
